schema: '2.0'
stages:
  cleaning:
    cmd: python src/cleaning.py
    deps:
    - path: data/seismic_slice.npy
      hash: md5
      md5: b89efbbc51b4003adb9191a9bcde8951
      size: 9314720
    - path: data/sim_slice.npy
      hash: md5
      md5: c5755d17e2985bfcb90731e71f6b2e47
      size: 70112
    - path: src/cleaning.py
      hash: md5
      md5: 9bd09c54aa49d22cf6c89073032681da
      size: 927
    outs:
    - path: outputs/seismic_slice_clean.npy
      hash: md5
      md5: 5b0fec0bf1887e366641f70ee2331510
      size: 9314720
    - path: outputs/sim_clean.npy
      hash: md5
      md5: a1708ba6bf248dbd4990063fd5c9377c
      size: 70112
  training:
    cmd: python src/training.py
    deps:
    - path: outputs/sim_clean.npy
      hash: md5
      md5: a1708ba6bf248dbd4990063fd5c9377c
      size: 70112
    - path: src/training.py
      hash: md5
      md5: f1ee4824340ea530145084ced7f81665
      size: 837
    outs:
    - path: outputs/X.npy
      hash: md5
      md5: fca0688ce60ad3e490807a904cb1fede
      size: 52616
    - path: outputs/model.pkl
      hash: md5
      md5: 34937cced66fd0a41edc5bc4b62447c2
      size: 21612673
    - path: outputs/y.npy
      hash: md5
      md5: d6c61a3e4819d8475fe3743553bc0ef1
      size: 17624
  inference:
    cmd: python src/inference.py
    deps:
    - path: outputs/X.npy
      hash: md5
      md5: fca0688ce60ad3e490807a904cb1fede
      size: 52616
    - path: outputs/model.pkl
      hash: md5
      md5: 34937cced66fd0a41edc5bc4b62447c2
      size: 21612673
    - path: outputs/seismic_slice_clean.npy
      hash: md5
      md5: 5b0fec0bf1887e366641f70ee2331510
      size: 9314720
    - path: outputs/y.npy
      hash: md5
      md5: d6c61a3e4819d8475fe3743553bc0ef1
      size: 17624
    - path: src/inference.py
      hash: md5
      md5: 2e19e46c029b7e80a49d65003ae4f0e1
      size: 904
    outs:
    - path: outputs/seis_estimated.npy
      hash: md5
      md5: 980a47202c9ebbd23bc3b97f6bdefdd3
      size: 9314720
  evaluation:
    cmd: python src/evaluation.py
    deps:
    - path: data/seismic_slice_GT.npy
      hash: md5
      md5: 038bcf2c0c0e0e836e140cbe9350bedd
      size: 9314720
    - path: outputs/seis_estimated.npy
      hash: md5
      md5: 980a47202c9ebbd23bc3b97f6bdefdd3
      size: 9314720
    - path: outputs/sim_clean.npy
      hash: md5
      md5: a1708ba6bf248dbd4990063fd5c9377c
      size: 70112
    - path: src/evaluation.py
      hash: md5
      md5: 8ba69d6e18dc8c7e0d3e0db764bd0e4f
      size: 1606
    outs:
    - path: outputs/residuos.npy
      hash: md5
      md5: fe6cd861fe561965691e57eecd246385
      size: 9314720
